
Microsoft Visual Studio Solution File, Format Version 12.00
# Visual Studio Version 17
VisualStudioVersion = 17.5.33627.172
MinimumVisualStudioVersion = 10.0.40219.1
Project("{FAE04EC0-301F-11D3-BF4B-00C04F79EFBC}") = "mycalcul", "mycalcul.csproj", "{552E1973-2D61-432D-90F8-1707C4160331}"
EndProject
Global
	GlobalSection(SolutionConfigurationPlatforms) = preSolution
		Debug|Any CPU = Debug|Any CPU
		Release|Any CPU = Release|Any CPU
	EndGlobalSection
	GlobalSection(ProjectConfigurationPlatforms) = postSolution
		{552E1973-2D61-432D-90F8-1707C4160331}.Debug|Any CPU.ActiveCfg = Debug|Any CPU
		{552E1973-2D61-432D-90F8-1707C4160331}.Debug|Any CPU.Build.0 = Debug|Any CPU
		{552E1973-2D61-432D-90F8-1707C4160331}.Release|Any CPU.ActiveCfg = Release|Any CPU
		{552E1973-2D61-432D-90F8-1707C4160331}.Release|Any CPU.Build.0 = Release|Any CPU
	EndGlobalSection
	GlobalSection(SolutionProperties) = preSolution
		HideSolutionNode = FALSE
	EndGlobalSection
	GlobalSection(ExtensibilityGlobals) = postSolution
		SolutionGuid = {0860DAD7-3E39-499F-A07E-53705CF62ECD}
	EndGlobalSection
EndGlobal
